
Microsoft Visual Studio Solution File, Format Version 12.00
# Visual Studio Version 17
VisualStudioVersion = 17.0.31903.59
MinimumVisualStudioVersion = 10.0.40219.1
Project("{FAE04EC0-301F-11D3-BF4B-00C04F79EFBC}") = "Foodie.Api", "Foodie.Api\Foodie.Api.csproj", "{A066D2C7-B99C-4FE7-9D37-84427013270D}"
EndProject
Project("{FAE04EC0-301F-11D3-BF4B-00C04F79EFBC}") = "Foodie.Core", "Foodie.Core\Foodie.Core.csproj", "{9F2375AF-758C-41B3-BFF8-05A028B2DC15}"
EndProject
Project("{FAE04EC0-301F-11D3-BF4B-00C04F79EFBC}") = "Foodie.Web", "Foodie.Web\Foodie.Web.csproj", "{358391E0-5727-43E0-A5E7-318A0CF7D45F}"
EndProject
Global
	GlobalSection(SolutionConfigurationPlatforms) = preSolution
		Debug|Any CPU = Debug|Any CPU
		Debug|x64 = Debug|x64
		Debug|x86 = Debug|x86
		Release|Any CPU = Release|Any CPU
		Release|x64 = Release|x64
		Release|x86 = Release|x86
	EndGlobalSection
	GlobalSection(ProjectConfigurationPlatforms) = postSolution
		{A066D2C7-B99C-4FE7-9D37-84427013270D}.Debug|Any CPU.ActiveCfg = Debug|Any CPU
		{A066D2C7-B99C-4FE7-9D37-84427013270D}.Debug|Any CPU.Build.0 = Debug|Any CPU
		{A066D2C7-B99C-4FE7-9D37-84427013270D}.Debug|x64.ActiveCfg = Debug|Any CPU
		{A066D2C7-B99C-4FE7-9D37-84427013270D}.Debug|x64.Build.0 = Debug|Any CPU
		{A066D2C7-B99C-4FE7-9D37-84427013270D}.Debug|x86.ActiveCfg = Debug|Any CPU
		{A066D2C7-B99C-4FE7-9D37-84427013270D}.Debug|x86.Build.0 = Debug|Any CPU
		{A066D2C7-B99C-4FE7-9D37-84427013270D}.Release|Any CPU.ActiveCfg = Release|Any CPU
		{A066D2C7-B99C-4FE7-9D37-84427013270D}.Release|Any CPU.Build.0 = Release|Any CPU
		{A066D2C7-B99C-4FE7-9D37-84427013270D}.Release|x64.ActiveCfg = Release|Any CPU
		{A066D2C7-B99C-4FE7-9D37-84427013270D}.Release|x64.Build.0 = Release|Any CPU
		{A066D2C7-B99C-4FE7-9D37-84427013270D}.Release|x86.ActiveCfg = Release|Any CPU
		{A066D2C7-B99C-4FE7-9D37-84427013270D}.Release|x86.Build.0 = Release|Any CPU
		{9F2375AF-758C-41B3-BFF8-05A028B2DC15}.Debug|Any CPU.ActiveCfg = Debug|Any CPU
		{9F2375AF-758C-41B3-BFF8-05A028B2DC15}.Debug|Any CPU.Build.0 = Debug|Any CPU
		{9F2375AF-758C-41B3-BFF8-05A028B2DC15}.Debug|x64.ActiveCfg = Debug|Any CPU
		{9F2375AF-758C-41B3-BFF8-05A028B2DC15}.Debug|x64.Build.0 = Debug|Any CPU
		{9F2375AF-758C-41B3-BFF8-05A028B2DC15}.Debug|x86.ActiveCfg = Debug|Any CPU
		{9F2375AF-758C-41B3-BFF8-05A028B2DC15}.Debug|x86.Build.0 = Debug|Any CPU
		{9F2375AF-758C-41B3-BFF8-05A028B2DC15}.Release|Any CPU.ActiveCfg = Release|Any CPU
		{9F2375AF-758C-41B3-BFF8-05A028B2DC15}.Release|Any CPU.Build.0 = Release|Any CPU
		{9F2375AF-758C-41B3-BFF8-05A028B2DC15}.Release|x64.ActiveCfg = Release|Any CPU
		{9F2375AF-758C-41B3-BFF8-05A028B2DC15}.Release|x64.Build.0 = Release|Any CPU
		{9F2375AF-758C-41B3-BFF8-05A028B2DC15}.Release|x86.ActiveCfg = Release|Any CPU
		{9F2375AF-758C-41B3-BFF8-05A028B2DC15}.Release|x86.Build.0 = Release|Any CPU
		{358391E0-5727-43E0-A5E7-318A0CF7D45F}.Debug|Any CPU.ActiveCfg = Debug|Any CPU
		{358391E0-5727-43E0-A5E7-318A0CF7D45F}.Debug|Any CPU.Build.0 = Debug|Any CPU
		{358391E0-5727-43E0-A5E7-318A0CF7D45F}.Debug|x64.ActiveCfg = Debug|Any CPU
		{358391E0-5727-43E0-A5E7-318A0CF7D45F}.Debug|x64.Build.0 = Debug|Any CPU
		{358391E0-5727-43E0-A5E7-318A0CF7D45F}.Debug|x86.ActiveCfg = Debug|Any CPU
		{358391E0-5727-43E0-A5E7-318A0CF7D45F}.Debug|x86.Build.0 = Debug|Any CPU
		{358391E0-5727-43E0-A5E7-318A0CF7D45F}.Release|Any CPU.ActiveCfg = Release|Any CPU
		{358391E0-5727-43E0-A5E7-318A0CF7D45F}.Release|Any CPU.Build.0 = Release|Any CPU
		{358391E0-5727-43E0-A5E7-318A0CF7D45F}.Release|x64.ActiveCfg = Release|Any CPU
		{358391E0-5727-43E0-A5E7-318A0CF7D45F}.Release|x64.Build.0 = Release|Any CPU
		{358391E0-5727-43E0-A5E7-318A0CF7D45F}.Release|x86.ActiveCfg = Release|Any CPU
		{358391E0-5727-43E0-A5E7-318A0CF7D45F}.Release|x86.Build.0 = Release|Any CPU
	EndGlobalSection
	GlobalSection(SolutionProperties) = preSolution
		HideSolutionNode = FALSE
	EndGlobalSection
EndGlobal
